
Microsoft Visual Studio Solution File, Format Version 12.00
# Visual Studio Version 16
VisualStudioVersion = 16.0.31229.75
MinimumVisualStudioVersion = 10.0.40219.1
Project("{FAE04EC0-301F-11D3-BF4B-00C04F79EFBC}") = "ConsoleApp1", "ConsoleApp1\ConsoleApp1.csproj", "{0DCA29F0-7BF6-4739-8D18-F93326BEB0FF}"
EndProject
Global
	GlobalSection(SolutionConfigurationPlatforms) = preSolution
		Debug|Any CPU = Debug|Any CPU
		Release|Any CPU = Release|Any CPU
	EndGlobalSection
	GlobalSection(ProjectConfigurationPlatforms) = postSolution
		{0DCA29F0-7BF6-4739-8D18-F93326BEB0FF}.Debug|Any CPU.ActiveCfg = Debug|Any CPU
		{0DCA29F0-7BF6-4739-8D18-F93326BEB0FF}.Debug|Any CPU.Build.0 = Debug|Any CPU
		{0DCA29F0-7BF6-4739-8D18-F93326BEB0FF}.Release|Any CPU.ActiveCfg = Release|Any CPU
		{0DCA29F0-7BF6-4739-8D18-F93326BEB0FF}.Release|Any CPU.Build.0 = Release|Any CPU
	EndGlobalSection
	GlobalSection(SolutionProperties) = preSolution
		HideSolutionNode = FALSE
	EndGlobalSection
	GlobalSection(ExtensibilityGlobals) = postSolution
		SolutionGuid = {50594192-088A-49AD-838E-E00DD6925D0A}
	EndGlobalSection
EndGlobal
